
Microsoft Visual Studio Solution File, Format Version 11.00
# Visual Studio 2010
# SharpDevelop 5.1
Project("{FAE04EC0-301F-11D3-BF4B-00C04F79EFBC}") = "projeto_Partido_13", "projeto_Partido_13\projeto_Partido_13.csproj", "{6F7C6908-60F9-48A0-BFBA-F11AE4B5898A}"
EndProject
Global
	GlobalSection(SolutionConfigurationPlatforms) = preSolution
		Debug|Any CPU = Debug|Any CPU
		Release|Any CPU = Release|Any CPU
	EndGlobalSection
	GlobalSection(ProjectConfigurationPlatforms) = postSolution
		{6F7C6908-60F9-48A0-BFBA-F11AE4B5898A}.Debug|Any CPU.ActiveCfg = Debug|Any CPU
		{6F7C6908-60F9-48A0-BFBA-F11AE4B5898A}.Debug|Any CPU.Build.0 = Debug|Any CPU
		{6F7C6908-60F9-48A0-BFBA-F11AE4B5898A}.Release|Any CPU.ActiveCfg = Release|Any CPU
		{6F7C6908-60F9-48A0-BFBA-F11AE4B5898A}.Release|Any CPU.Build.0 = Release|Any CPU
	EndGlobalSection
EndGlobal
